
Microsoft Visual Studio Solution File, Format Version 12.00
# Visual Studio 15
VisualStudioVersion = 15.0.26228.9
MinimumVisualStudioVersion = 10.0.40219.1
Project("{FAE04EC0-301F-11D3-BF4B-00C04F79EFBC}") = "HomeWork4", "HomeWork4\HomeWork4.csproj", "{09912762-8E87-40E1-8536-6B9995C0BA27}"
EndProject
Global
	GlobalSection(SolutionConfigurationPlatforms) = preSolution
		Debug|Any CPU = Debug|Any CPU
		Release|Any CPU = Release|Any CPU
	EndGlobalSection
	GlobalSection(ProjectConfigurationPlatforms) = postSolution
		{09912762-8E87-40E1-8536-6B9995C0BA27}.Debug|Any CPU.ActiveCfg = Debug|Any CPU
		{09912762-8E87-40E1-8536-6B9995C0BA27}.Debug|Any CPU.Build.0 = Debug|Any CPU
		{09912762-8E87-40E1-8536-6B9995C0BA27}.Release|Any CPU.ActiveCfg = Release|Any CPU
		{09912762-8E87-40E1-8536-6B9995C0BA27}.Release|Any CPU.Build.0 = Release|Any CPU
	EndGlobalSection
	GlobalSection(SolutionProperties) = preSolution
		HideSolutionNode = FALSE
	EndGlobalSection
EndGlobal
